Microsoft Visual Studio Solution File, Format Version 11.00
# Visual Studio 2008

Project("{D96D68A9-EB18-22D1-0A3A-822A553EC65E}") = "FlightV2", "Assembly-CSharp-firstpass.csproj", "{B8D7B717-0764-D621-63D5-3755092E5139}"
EndProject
Project("{D96D68A9-EB18-22D1-0A3A-822A553EC65E}") = "FlightV2", "Assembly-CSharp.csproj", "{671B5123-E292-CD84-5D7B-647FD6D73B23}"
EndProject
Project("{D96D68A9-EB18-22D1-0A3A-822A553EC65E}") = "FlightV2", "Assembly-CSharp-Editor.csproj", "{135DF8E4-0802-5C2D-DC00-CC7178F3E2E6}"
EndProject
Project("{D96D68A9-EB18-22D1-0A3A-822A553EC65E}") = "FlightV2", "Assembly-UnityScript-firstpass.unityproj", "{E3EE9AF1-A771-DA7A-3567-8240006CBC50}"
EndProject
Project("{D96D68A9-EB18-22D1-0A3A-822A553EC65E}") = "FlightV2", "Assembly-UnityScript.unityproj", "{30B27846-C8C3-5B5B-DB91-0B9EBB4966FF}"
EndProject
Project("{D96D68A9-EB18-22D1-0A3A-822A553EC65E}") = "FlightV2", "Assembly-UnityScript-Editor.unityproj", "{953B6547-7694-4811-5AC5-C4D88132C818}"
EndProject
Global
	GlobalSection(SolutionConfigurationPlatforms) = preSolution
		Debug|Any CPU = Debug|Any CPU
		Release|Any CPU = Release|Any CPU
	EndGlobalSection
	GlobalSection(ProjectConfigurationPlatforms) = postSolution
		{B8D7B717-0764-D621-63D5-3755092E5139}.Debug|Any CPU.ActiveCfg = Debug|Any CPU
		{B8D7B717-0764-D621-63D5-3755092E5139}.Debug|Any CPU.Build.0 = Debug|Any CPU
		{B8D7B717-0764-D621-63D5-3755092E5139}.Release|Any CPU.ActiveCfg = Release|Any CPU
		{B8D7B717-0764-D621-63D5-3755092E5139}.Release|Any CPU.Build.0 = Release|Any CPU
		{671B5123-E292-CD84-5D7B-647FD6D73B23}.Debug|Any CPU.ActiveCfg = Debug|Any CPU
		{671B5123-E292-CD84-5D7B-647FD6D73B23}.Debug|Any CPU.Build.0 = Debug|Any CPU
		{671B5123-E292-CD84-5D7B-647FD6D73B23}.Release|Any CPU.ActiveCfg = Release|Any CPU
		{671B5123-E292-CD84-5D7B-647FD6D73B23}.Release|Any CPU.Build.0 = Release|Any CPU
		{135DF8E4-0802-5C2D-DC00-CC7178F3E2E6}.Debug|Any CPU.ActiveCfg = Debug|Any CPU
		{135DF8E4-0802-5C2D-DC00-CC7178F3E2E6}.Debug|Any CPU.Build.0 = Debug|Any CPU
		{135DF8E4-0802-5C2D-DC00-CC7178F3E2E6}.Release|Any CPU.ActiveCfg = Release|Any CPU
		{135DF8E4-0802-5C2D-DC00-CC7178F3E2E6}.Release|Any CPU.Build.0 = Release|Any CPU
		{E3EE9AF1-A771-DA7A-3567-8240006CBC50}.Debug|Any CPU.ActiveCfg = Debug|Any CPU
		{E3EE9AF1-A771-DA7A-3567-8240006CBC50}.Debug|Any CPU.Build.0 = Debug|Any CPU
		{E3EE9AF1-A771-DA7A-3567-8240006CBC50}.Release|Any CPU.ActiveCfg = Release|Any CPU
		{E3EE9AF1-A771-DA7A-3567-8240006CBC50}.Release|Any CPU.Build.0 = Release|Any CPU
		{30B27846-C8C3-5B5B-DB91-0B9EBB4966FF}.Debug|Any CPU.ActiveCfg = Debug|Any CPU
		{30B27846-C8C3-5B5B-DB91-0B9EBB4966FF}.Debug|Any CPU.Build.0 = Debug|Any CPU
		{30B27846-C8C3-5B5B-DB91-0B9EBB4966FF}.Release|Any CPU.ActiveCfg = Release|Any CPU
		{30B27846-C8C3-5B5B-DB91-0B9EBB4966FF}.Release|Any CPU.Build.0 = Release|Any CPU
		{953B6547-7694-4811-5AC5-C4D88132C818}.Debug|Any CPU.ActiveCfg = Debug|Any CPU
		{953B6547-7694-4811-5AC5-C4D88132C818}.Debug|Any CPU.Build.0 = Debug|Any CPU
		{953B6547-7694-4811-5AC5-C4D88132C818}.Release|Any CPU.ActiveCfg = Release|Any CPU
		{953B6547-7694-4811-5AC5-C4D88132C818}.Release|Any CPU.Build.0 = Release|Any CPU
	EndGlobalSection
	GlobalSection(SolutionProperties) = preSolution
		HideSolutionNode = FALSE
	EndGlobalSection
																						GlobalSection(MonoDevelopProperties) = preSolution
		StartupItem = Assembly-CSharp.csproj
		Policies = $0
		$0.TextStylePolicy = $1
		$1.inheritsSet = null
		$1.scope = text/x-csharp
		$0.CSharpFormattingPolicy = $2
		$2.inheritsSet = Mono
		$2.inheritsScope = text/x-csharp
		$2.scope = text/x-csharp
		$0.TextStylePolicy = $3
		$3.FileWidth = 120
		$3.TabWidth = 4
		$3.IndentWidth = 4
		$3.EolMarker = Unix
		$3.inheritsSet = Mono
		$3.inheritsScope = text/plain
		$3.scope = text/plain
	EndGlobalSection

EndGlobal
